
Microsoft Visual Studio Solution File, Format Version 12.00
# Visual Studio Version 16
VisualStudioVersion = 16.0.29709.97
MinimumVisualStudioVersion = 10.0.40219.1
Project("{FAE04EC0-301F-11D3-BF4B-00C04F79EFBC}") = "EF-Core-19652", "EF-Core-19652\EF-Core-19652.csproj", "{6FA25A05-3F5E-424E-95F4-0E64AF885F88}"
EndProject
Global
	GlobalSection(SolutionConfigurationPlatforms) = preSolution
		Debug|Any CPU = Debug|Any CPU
		Release|Any CPU = Release|Any CPU
	EndGlobalSection
	GlobalSection(ProjectConfigurationPlatforms) = postSolution
		{6FA25A05-3F5E-424E-95F4-0E64AF885F88}.Debug|Any CPU.ActiveCfg = Debug|Any CPU
		{6FA25A05-3F5E-424E-95F4-0E64AF885F88}.Debug|Any CPU.Build.0 = Debug|Any CPU
		{6FA25A05-3F5E-424E-95F4-0E64AF885F88}.Release|Any CPU.ActiveCfg = Release|Any CPU
		{6FA25A05-3F5E-424E-95F4-0E64AF885F88}.Release|Any CPU.Build.0 = Release|Any CPU
	EndGlobalSection
	GlobalSection(SolutionProperties) = preSolution
		HideSolutionNode = FALSE
	EndGlobalSection
	GlobalSection(ExtensibilityGlobals) = postSolution
		SolutionGuid = {C532C468-1058-4958-9F5B-28236EA0C13D}
	EndGlobalSection
EndGlobal
